
Microsoft Visual Studio Solution File, Format Version 12.00
# Visual Studio 15
VisualStudioVersion = 15.0.28307.489
MinimumVisualStudioVersion = 10.0.40219.1
Project("{9A19103F-16F7-4668-BE54-9A1E7A4F7556}") = "Classier.NET.Parsing", "src\Classier.NET.Parsing\Classier.NET.Parsing.csproj", "{7AA67990-A51F-4FFA-91E3-49764531D1B6}"
EndProject
Project("{9A19103F-16F7-4668-BE54-9A1E7A4F7556}") = "Classier.NET.Parsing.Tests", "test\Classier.NET.Parsing.Tests\Classier.NET.Parsing.Tests.csproj", "{0823186B-3319-4287-B18A-762D814D98B5}"
EndProject
Global
	GlobalSection(SolutionConfigurationPlatforms) = preSolution
		Debug|Any CPU = Debug|Any CPU
		Release|Any CPU = Release|Any CPU
	EndGlobalSection
	GlobalSection(ProjectConfigurationPlatforms) = postSolution
		{7AA67990-A51F-4FFA-91E3-49764531D1B6}.Debug|Any CPU.ActiveCfg = Debug|Any CPU
		{7AA67990-A51F-4FFA-91E3-49764531D1B6}.Debug|Any CPU.Build.0 = Debug|Any CPU
		{7AA67990-A51F-4FFA-91E3-49764531D1B6}.Release|Any CPU.ActiveCfg = Release|Any CPU
		{7AA67990-A51F-4FFA-91E3-49764531D1B6}.Release|Any CPU.Build.0 = Release|Any CPU
		{0823186B-3319-4287-B18A-762D814D98B5}.Debug|Any CPU.ActiveCfg = Debug|Any CPU
		{0823186B-3319-4287-B18A-762D814D98B5}.Debug|Any CPU.Build.0 = Debug|Any CPU
		{0823186B-3319-4287-B18A-762D814D98B5}.Release|Any CPU.ActiveCfg = Release|Any CPU
		{0823186B-3319-4287-B18A-762D814D98B5}.Release|Any CPU.Build.0 = Release|Any CPU
	EndGlobalSection
	GlobalSection(SolutionProperties) = preSolution
		HideSolutionNode = FALSE
	EndGlobalSection
	GlobalSection(ExtensibilityGlobals) = postSolution
		SolutionGuid = {2C6A6C03-D8C6-4EB3-B176-D88AA24660E9}
	EndGlobalSection
EndGlobal
